
Microsoft Visual Studio Solution File, Format Version 12.00
# Visual Studio Version 16
VisualStudioVersion = 16.0.30225.117
MinimumVisualStudioVersion = 10.0.40219.1
Project("{FAE04EC0-301F-11D3-BF4B-00C04F79EFBC}") = "Lampu_lalu_lintas", "Lampu_lalu_lintas\Lampu_lalu_lintas.csproj", "{227CCB37-B9E5-410D-8341-C42F997E3FFA}"
EndProject
Global
	GlobalSection(SolutionConfigurationPlatforms) = preSolution
		Debug|Any CPU = Debug|Any CPU
		Release|Any CPU = Release|Any CPU
	EndGlobalSection
	GlobalSection(ProjectConfigurationPlatforms) = postSolution
		{227CCB37-B9E5-410D-8341-C42F997E3FFA}.Debug|Any CPU.ActiveCfg = Debug|Any CPU
		{227CCB37-B9E5-410D-8341-C42F997E3FFA}.Debug|Any CPU.Build.0 = Debug|Any CPU
		{227CCB37-B9E5-410D-8341-C42F997E3FFA}.Release|Any CPU.ActiveCfg = Release|Any CPU
		{227CCB37-B9E5-410D-8341-C42F997E3FFA}.Release|Any CPU.Build.0 = Release|Any CPU
	EndGlobalSection
	GlobalSection(SolutionProperties) = preSolution
		HideSolutionNode = FALSE
	EndGlobalSection
	GlobalSection(ExtensibilityGlobals) = postSolution
		SolutionGuid = {10123B5C-405D-4008-9CE6-F156DC6AFB45}
	EndGlobalSection
EndGlobal
